# Approval record. Versioned deliberately: an approval is a historical
# fact about the project, and it has to survive a clone and show up in
# a diff. Written by `bevel approve`.

[spec.0001]
hash = "sha256:61d456fcc7d3f83da31eb0b512a8cb58e9d7cd0459192a8e2b28c50e5ef2df31"
approved_at = "2026-08-06T15:28:07.772541489+00:00"
approved_by = "orovp"
bevel_version = "0.1.0"
done_commit = "4850f82e2e64b39cccd2ea5ae816b8180c66eff2"

[spec.0002]
hash = "sha256:fa6e3021251f0990d34598b6a5f8d75019006afc7cd2814bcce08d69c4236f89"
approved_at = "2026-08-06T16:41:30.710761271+00:00"
approved_by = "orovp"
bevel_version = "0.1.0"
done_commit = "1feb2ccf2b711660d8953f9a68edfbd18368f494"
